
Microsoft Visual Studio Solution File, Format Version 12.00
# Visual Studio 15
Project("{FAE04EC0-301F-11D3-BF4B-00C04F79EFBC}") = "Assembly-CSharp", "Assembly-CSharp.csproj", "{AACC3E0E-4525-6D3E-3068-B655BED0136E}"
EndProject
Project("{FAE04EC0-301F-11D3-BF4B-00C04F79EFBC}") = "Assembly-CSharp-Editor", "Assembly-CSharp-Editor.csproj", "{2F4FCE4D-043A-1D7E-678C-BD06C77AF6E7}"
EndProject
Global
	GlobalSection(SolutionConfigurationPlatforms) = preSolution
		Debug|Any CPU = Debug|Any CPU
		Release|Any CPU = Release|Any CPU
	EndGlobalSection
	GlobalSection(ProjectConfigurationPlatforms) = postSolution
		{AACC3E0E-4525-6D3E-3068-B655BED0136E}.Debug|Any CPU.ActiveCfg = Debug|Any CPU
		{AACC3E0E-4525-6D3E-3068-B655BED0136E}.Debug|Any CPU.Build.0 = Debug|Any CPU
		{AACC3E0E-4525-6D3E-3068-B655BED0136E}.Release|Any CPU.ActiveCfg = Release|Any CPU
		{AACC3E0E-4525-6D3E-3068-B655BED0136E}.Release|Any CPU.Build.0 = Release|Any CPU
		{2F4FCE4D-043A-1D7E-678C-BD06C77AF6E7}.Debug|Any CPU.ActiveCfg = Debug|Any CPU
		{2F4FCE4D-043A-1D7E-678C-BD06C77AF6E7}.Debug|Any CPU.Build.0 = Debug|Any CPU
		{2F4FCE4D-043A-1D7E-678C-BD06C77AF6E7}.Release|Any CPU.ActiveCfg = Release|Any CPU
		{2F4FCE4D-043A-1D7E-678C-BD06C77AF6E7}.Release|Any CPU.Build.0 = Release|Any CPU
	EndGlobalSection
	GlobalSection(SolutionProperties) = preSolution
		HideSolutionNode = FALSE
	EndGlobalSection
EndGlobal
